// !$*UTF8*$!
{
	archiveVersion = 1;
	classes = {
	};
	objectVersion = 50;
	objects = {

/* Begin PBXBuildFile section */
		F586379F262B3CC700B836C7 /* NewsViewController.swift in Sources */ = {isa = PBXBuildFile; fileRef = F586379E262B3CC700B836C7 /* NewsViewController.swift */; };
		F58637A2262B3E5400B836C7 /* Article.swift in Sources */ = {isa = PBXBuildFile; fileRef = F58637A1262B3E5400B836C7 /* Article.swift */; };
		F58637A5262B3EB000B836C7 /* ArticleCell.swift in Sources */ = {isa = PBXBuildFile; fileRef = F58637A4262B3EB000B836C7 /* ArticleCell.swift */; };
		F58637A8262B405800B836C7 /* NewsWebviewViewController.swift in Sources */ = {isa = PBXBuildFile; fileRef = F58637A7262B405800B836C7 /* NewsWebviewViewController.swift */; };
		F5F4D347262C8F8600A73296 /* Tab1ViewController.swift in Sources */ = {isa = PBXBuildFile; fileRef = F5F4D346262C8F8600A73296 /* Tab1ViewController.swift */; };
		F5F4D34A262C9FC900A73296 /* Tab2ViewController.swift in Sources */ = {isa = PBXBuildFile; fileRef = F5F4D349262C9FC900A73296 /* Tab2ViewController.swift */; };
		FDC87E432608DA4D00BA8201 /* AppDelegate.swift in Sources */ = {isa = PBXBuildFile; fileRef = FDC87E422608DA4D00BA8201 /* AppDelegate.swift */; };
		FDC87E452608DA4D00BA8201 /* SceneDelegate.swift in Sources */ = {isa = PBXBuildFile; fileRef = FDC87E442608DA4D00BA8201 /* SceneDelegate.swift */; };
		FDC87E472608DA4D00BA8201 /* ViewController.swift in Sources */ = {isa = PBXBuildFile; fileRef = FDC87E462608DA4D00BA8201 /* ViewController.swift */; };
		FDC87E4A2608DA4D00BA8201 /* Main.storyboard in Resources */ = {isa = PBXBuildFile; fileRef = FDC87E482608DA4D00BA8201 /* Main.storyboard */; };
		FDC87E4C2608DA4D00BA8201 /* Assets.xcassets in Resources */ = {isa = PBXBuildFile; fileRef = FDC87E4B2608DA4D00BA8201 /* Assets.xcassets */; };
		FDC87E4F2608DA4D00BA8201 /* LaunchScreen.storyboard in Resources */ = {isa = PBXBuildFile; fileRef = FDC87E4D2608DA4D00BA8201 /* LaunchScreen.storyboard */; };
		FDC87E6126090D4600BA8201 /* VaccineViewController.swift in Sources */ = {isa = PBXBuildFile; fileRef = FDC87E6026090D4600BA8201 /* VaccineViewController.swift */; };
		FDC87E6426090D5400BA8201 /* CountryListViewController.swift in Sources */ = {isa = PBXBuildFile; fileRef = FDC87E6326090D5400BA8201 /* CountryListViewController.swift */; };
		FDC87E6A26090D8800BA8201 /* WhoInfoViewController.swift in Sources */ = {isa = PBXBuildFile; fileRef = FDC87E6926090D8800BA8201 /* WhoInfoViewController.swift */; };
		FDC87E702609100800BA8201 /* AboutUsViewController.swift in Sources */ = {isa = PBXBuildFile; fileRef = FDC87E6F2609100800BA8201 /* AboutUsViewController.swift */; };
		FDC87E82260C131900BA8201 /* MapKit.framework in Frameworks */ = {isa = PBXBuildFile; fileRef = FDC87E81260C131900BA8201 /* MapKit.framework */; };
		FDC87EC42610D83300BA8201 /* SiteCell.swift in Sources */ = {isa = PBXBuildFile; fileRef = FDC87EC32610D83300BA8201 /* SiteCell.swift */; };
		FDC87EC8261A16BA00BA8201 /* CoreLocation.framework in Frameworks */ = {isa = PBXBuildFile; fileRef = FDC87EC7261A16BA00BA8201 /* CoreLocation.framework */; };
		FDC87ECD261F659000BA8201 /* song.mp3 in Resources */ = {isa = PBXBuildFile; fileRef = FDC87ECC261F659000BA8201 /* song.mp3 */; };
		FDC87ED1261F6A8200BA8201 /* AVFoundation.framework in Frameworks */ = {isa = PBXBuildFile; fileRef = FDC87ED0261F6A8200BA8201 /* AVFoundation.framework */; };
		FDC87ED3261F6A9000BA8201 /* QuartzCore.framework in Frameworks */ = {isa = PBXBuildFile; fileRef = FDC87ED2261F6A9000BA8201 /* QuartzCore.framework */; };
		FDC87ED62620EBAE00BA8201 /* LinkedInViewController.swift in Sources */ = {isa = PBXBuildFile; fileRef = FDC87ED52620EBAE00BA8201 /* LinkedInViewController.swift */; };
		FDC87ED92620F80B00BA8201 /* WebKit.framework in Frameworks */ = {isa = PBXBuildFile; fileRef = FDC87ED82620F80B00BA8201 /* WebKit.framework */; };
		FDC87EE0262486E100BA8201 /* AboutUs.db in Resources */ = {isa = PBXBuildFile; fileRef = FDC87EDF262486E100BA8201 /* AboutUs.db */; };
		FDC87EE62624BDF200BA8201 /* libsqlite3.0.tbd in Frameworks */ = {isa = PBXBuildFile; fileRef = FDC87EE52624BDEA00BA8201 /* libsqlite3.0.tbd */; };
		FDC87EE92624BE0400BA8201 /* libsqlite3.tbd in Frameworks */ = {isa = PBXBuildFile; fileRef = FDC87EE82624BDFC00BA8201 /* libsqlite3.tbd */; };
		FDC87EED262A0C2500BA8201 /* Background.jpg in Resources */ = {isa = PBXBuildFile; fileRef = FDC87EEC262A0C2500BA8201 /* Background.jpg */; };
		FDC87EFA262E21E300BA8201 /* Country.swift in Sources */ = {isa = PBXBuildFile; fileRef = FDC87EF9262E21E300BA8201 /* Country.swift */; };
		FDC87EFD262E233200BA8201 /* Users.swift in Sources */ = {isa = PBXBuildFile; fileRef = FDC87EFC262E233200BA8201 /* Users.swift */; };
/* End PBXBuildFile section */

/* Begin PBXFileReference section */
		F586379E262B3CC700B836C7 /* NewsViewController.swift */ = {isa = PBXFileReference; lastKnownFileType = sourcecode.swift; path = NewsViewController.swift; sourceTree = "<group>"; };
		F58637A1262B3E5400B836C7 /* Article.swift */ = {isa = PBXFileReference; lastKnownFileType = sourcecode.swift; path = Article.swift; sourceTree = "<group>"; };
		F58637A4262B3EB000B836C7 /* ArticleCell.swift */ = {isa = PBXFileReference; lastKnownFileType = sourcecode.swift; path = ArticleCell.swift; sourceTree = "<group>"; };
		F58637A7262B405800B836C7 /* NewsWebviewViewController.swift */ = {isa = PBXFileReference; lastKnownFileType = sourcecode.swift; path = NewsWebviewViewController.swift; sourceTree = "<group>"; };
		F5F4D346262C8F8600A73296 /* Tab1ViewController.swift */ = {isa = PBXFileReference; lastKnownFileType = sourcecode.swift; path = Tab1ViewController.swift; sourceTree = "<group>"; };
		F5F4D349262C9FC900A73296 /* Tab2ViewController.swift */ = {isa = PBXFileReference; lastKnownFileType = sourcecode.swift; path = Tab2ViewController.swift; sourceTree = "<group>"; };
		FDC87E3F2608DA4D00BA8201 /* IOS-Final-Assignment.app */ = {isa = PBXFileReference; explicitFileType = wrapper.application; includeInIndex = 0; path = "IOS-Final-Assignment.app"; sourceTree = BUILT_PRODUCTS_DIR; };
		FDC87E422608DA4D00BA8201 /* AppDelegate.swift */ = {isa = PBXFileReference; lastKnownFileType = sourcecode.swift; path = AppDelegate.swift; sourceTree = "<group>"; };
		FDC87E442608DA4D00BA8201 /* SceneDelegate.swift */ = {isa = PBXFileReference; lastKnownFileType = sourcecode.swift; path = SceneDelegate.swift; sourceTree = "<group>"; };
		FDC87E462608DA4D00BA8201 /* ViewController.swift */ = {isa = PBXFileReference; lastKnownFileType = sourcecode.swift; path = ViewController.swift; sourceTree = "<group>"; };
		FDC87E492608DA4D00BA8201 /* Base */ = {isa = PBXFileReference; lastKnownFileType = file.storyboard; name = Base; path = Base.lproj/Main.storyboard; sourceTree = "<group>"; };
		FDC87E4B2608DA4D00BA8201 /* Assets.xcassets */ = {isa = PBXFileReference; lastKnownFileType = folder.assetcatalog; path = Assets.xcassets; sourceTree = "<group>"; };
		FDC87E4E2608DA4D00BA8201 /* Base */ = {isa = PBXFileReference; lastKnownFileType = file.storyboard; name = Base; path = Base.lproj/LaunchScreen.storyboard; sourceTree = "<group>"; };
		FDC87E502608DA4D00BA8201 /* Info.plist */ = {isa = PBXFileReference; lastKnownFileType = text.plist.xml; path = Info.plist; sourceTree = "<group>"; };
		FDC87E6026090D4600BA8201 /* VaccineViewController.swift */ = {isa = PBXFileReference; lastKnownFileType = sourcecode.swift; path = VaccineViewController.swift; sourceTree = "<group>"; };
		FDC87E6326090D5400BA8201 /* CountryListViewController.swift */ = {isa = PBXFileReference; lastKnownFileType = sourcecode.swift; path = CountryListViewController.swift; sourceTree = "<group>"; };
		FDC87E6926090D8800BA8201 /* WhoInfoViewController.swift */ = {isa = PBXFileReference; lastKnownFileType = sourcecode.swift; path = WhoInfoViewController.swift; sourceTree = "<group>"; };
		FDC87E6F2609100800BA8201 /* AboutUsViewController.swift */ = {isa = PBXFileReference; lastKnownFileType = sourcecode.swift; path = AboutUsViewController.swift; sourceTree = "<group>"; };
		FDC87E81260C131900BA8201 /* MapKit.framework */ = {isa = PBXFileReference; lastKnownFileType = wrapper.framework; name = MapKit.framework; path = System/Library/Frameworks/MapKit.framework; sourceTree = SDKROOT; };
		FDC87EC32610D83300BA8201 /* SiteCell.swift */ = {isa = PBXFileReference; fileEncoding = 4; lastKnownFileType = sourcecode.swift; path = SiteCell.swift; sourceTree = "<group>"; };
		FDC87EC7261A16BA00BA8201 /* CoreLocation.framework */ = {isa = PBXFileReference; lastKnownFileType = wrapper.framework; name = CoreLocation.framework; path = System/Library/Frameworks/CoreLocation.framework; sourceTree = SDKROOT; };
		FDC87ECC261F659000BA8201 /* song.mp3 */ = {isa = PBXFileReference; lastKnownFileType = audio.mp3; path = song.mp3; sourceTree = "<group>"; };
		FDC87ED0261F6A8200BA8201 /* AVFoundation.framework */ = {isa = PBXFileReference; lastKnownFileType = wrapper.framework; name = AVFoundation.framework; path = System/Library/Frameworks/AVFoundation.framework; sourceTree = SDKROOT; };
		FDC87ED2261F6A9000BA8201 /* QuartzCore.framework */ = {isa = PBXFileReference; lastKnownFileType = wrapper.framework; name = QuartzCore.framework; path = System/Library/Frameworks/QuartzCore.framework; sourceTree = SDKROOT; };
		FDC87ED52620EBAE00BA8201 /* LinkedInViewController.swift */ = {isa = PBXFileReference; lastKnownFileType = sourcecode.swift; path = LinkedInViewController.swift; sourceTree = "<group>"; };
		FDC87ED82620F80B00BA8201 /* WebKit.framework */ = {isa = PBXFileReference; lastKnownFileType = wrapper.framework; name = WebKit.framework; path = System/Library/PrivateFrameworks/WebKit.framework; sourceTree = SDKROOT; };
		FDC87EDF262486E100BA8201 /* AboutUs.db */ = {isa = PBXFileReference; lastKnownFileType = file; path = AboutUs.db; sourceTree = "<group>"; };
		FDC87EE52624BDEA00BA8201 /* libsqlite3.0.tbd */ = {isa = PBXFileReference; lastKnownFileType = "sourcecode.text-based-dylib-definition"; name = libsqlite3.0.tbd; path = usr/lib/libsqlite3.0.tbd; sourceTree = SDKROOT; };
		FDC87EE82624BDFC00BA8201 /* libsqlite3.tbd */ = {isa = PBXFileReference; lastKnownFileType = "sourcecode.text-based-dylib-definition"; name = libsqlite3.tbd; path = usr/lib/libsqlite3.tbd; sourceTree = SDKROOT; };
		FDC87EEC262A0C2500BA8201 /* Background.jpg */ = {isa = PBXFileReference; lastKnownFileType = image.jpeg; path = Background.jpg; sourceTree = "<group>"; };
		FDC87EF9262E21E300BA8201 /* Country.swift */ = {isa = PBXFileReference; lastKnownFileType = sourcecode.swift; path = Country.swift; sourceTree = "<group>"; };
		FDC87EFC262E233200BA8201 /* Users.swift */ = {isa = PBXFileReference; lastKnownFileType = sourcecode.swift; path = Users.swift; sourceTree = "<group>"; };
/* End PBXFileReference section */

/* Begin PBXFrameworksBuildPhase section */
		FDC87E3C2608DA4D00BA8201 /* Frameworks */ = {
			isa = PBXFrameworksBuildPhase;
			buildActionMask = 2147483647;
			files = (
				FDC87ED92620F80B00BA8201 /* WebKit.framework in Frameworks */,
				FDC87ED3261F6A9000BA8201 /* QuartzCore.framework in Frameworks */,
				FDC87EE92624BE0400BA8201 /* libsqlite3.tbd in Frameworks */,
				FDC87EE62624BDF200BA8201 /* libsqlite3.0.tbd in Frameworks */,
				FDC87EC8261A16BA00BA8201 /* CoreLocation.framework in Frameworks */,
				FDC87E82260C131900BA8201 /* MapKit.framework in Frameworks */,
				FDC87ED1261F6A8200BA8201 /* AVFoundation.framework in Frameworks */,
			);
			runOnlyForDeploymentPostprocessing = 0;
		};
/* End PBXFrameworksBuildPhase section */

/* Begin PBXGroup section */
		FDC87E362608DA4D00BA8201 = {
			isa = PBXGroup;
			children = (
				FDC87E412608DA4D00BA8201 /* IOS-Final-Assignment */,
				FDC87E402608DA4D00BA8201 /* Products */,
				FDC87E80260C131900BA8201 /* Frameworks */,
			);
			sourceTree = "<group>";
		};
		FDC87E402608DA4D00BA8201 /* Products */ = {
			isa = PBXGroup;
			children = (
				FDC87E3F2608DA4D00BA8201 /* IOS-Final-Assignment.app */,
			);
			name = Products;
			sourceTree = "<group>";
		};
		FDC87E412608DA4D00BA8201 /* IOS-Final-Assignment */ = {
			isa = PBXGroup;
			children = (
				FDC87ECB261F645800BA8201 /* Sounds */,
				FDC87E5B2608DCF500BA8201 /* View Controllers */,
				FDC87E5A2608DC7900BA8201 /* Databases */,
				FDC87E592608DC7300BA8201 /* Images */,
				FDC87E582608DBA100BA8201 /* Classes */,
				FDC87E572608DB9200BA8201 /* Storyboards */,
				FDC87E502608DA4D00BA8201 /* Info.plist */,
			);
			path = "IOS-Final-Assignment";
			sourceTree = "<group>";
		};
		FDC87E572608DB9200BA8201 /* Storyboards */ = {
			isa = PBXGroup;
			children = (
				FDC87E4D2608DA4D00BA8201 /* LaunchScreen.storyboard */,
				FDC87E482608DA4D00BA8201 /* Main.storyboard */,
			);
			path = Storyboards;
			sourceTree = "<group>";
		};
		FDC87E582608DBA100BA8201 /* Classes */ = {
			isa = PBXGroup;
			children = (
				FDC87EC32610D83300BA8201 /* SiteCell.swift */,
				FDC87E422608DA4D00BA8201 /* AppDelegate.swift */,
				FDC87E442608DA4D00BA8201 /* SceneDelegate.swift */,
				F58637A1262B3E5400B836C7 /* Article.swift */,
				F58637A4262B3EB000B836C7 /* ArticleCell.swift */,
				FDC87EF9262E21E300BA8201 /* Country.swift */,
				FDC87EFC262E233200BA8201 /* Users.swift */,
			);
			path = Classes;
			sourceTree = "<group>";
		};
		FDC87E592608DC7300BA8201 /* Images */ = {
			isa = PBXGroup;
			children = (
				FDC87EEC262A0C2500BA8201 /* Background.jpg */,
				FDC87E4B2608DA4D00BA8201 /* Assets.xcassets */,
			);
			path = Images;
			sourceTree = "<group>";
		};
		FDC87E5A2608DC7900BA8201 /* Databases */ = {
			isa = PBXGroup;
			children = (
				FDC87EDF262486E100BA8201 /* AboutUs.db */,
			);
			path = Databases;
			sourceTree = "<group>";
		};
		FDC87E5B2608DCF500BA8201 /* View Controllers */ = {
			isa = PBXGroup;
			children = (
				FDC87E462608DA4D00BA8201 /* ViewController.swift */,
				FDC87E6026090D4600BA8201 /* VaccineViewController.swift */,
				FDC87E6326090D5400BA8201 /* CountryListViewController.swift */,
				FDC87E6926090D8800BA8201 /* WhoInfoViewController.swift */,
				FDC87E6F2609100800BA8201 /* AboutUsViewController.swift */,
				FDC87ED52620EBAE00BA8201 /* LinkedInViewController.swift */,
				F586379E262B3CC700B836C7 /* NewsViewController.swift */,
				F58637A7262B405800B836C7 /* NewsWebviewViewController.swift */,
				F5F4D346262C8F8600A73296 /* Tab1ViewController.swift */,
				F5F4D349262C9FC900A73296 /* Tab2ViewController.swift */,
			);
			path = "View Controllers";
			sourceTree = "<group>";
		};
		FDC87E80260C131900BA8201 /* Frameworks */ = {
			isa = PBXGroup;
			children = (
				FDC87EE82624BDFC00BA8201 /* libsqlite3.tbd */,
				FDC87EE52624BDEA00BA8201 /* libsqlite3.0.tbd */,
				FDC87ED82620F80B00BA8201 /* WebKit.framework */,
				FDC87ED2261F6A9000BA8201 /* QuartzCore.framework */,
				FDC87ED0261F6A8200BA8201 /* AVFoundation.framework */,
				FDC87EC7261A16BA00BA8201 /* CoreLocation.framework */,
				FDC87E81260C131900BA8201 /* MapKit.framework */,
			);
			name = Frameworks;
			sourceTree = "<group>";
		};
		FDC87ECB261F645800BA8201 /* Sounds */ = {
			isa = PBXGroup;
			children = (
				FDC87ECC261F659000BA8201 /* song.mp3 */,
			);
			path = Sounds;
			sourceTree = "<group>";
		};
/* End PBXGroup section */

/* Begin PBXNativeTarget section */
		FDC87E3E2608DA4D00BA8201 /* IOS-Final-Assignment */ = {
			isa = PBXNativeTarget;
			buildConfigurationList = FDC87E532608DA4D00BA8201 /* Build configuration list for PBXNativeTarget "IOS-Final-Assignment" */;
			buildPhases = (
				FDC87E3B2608DA4D00BA8201 /* Sources */,
				FDC87E3C2608DA4D00BA8201 /* Frameworks */,
				FDC87E3D2608DA4D00BA8201 /* Resources */,
			);
			buildRules = (
			);
			dependencies = (
			);
			name = "IOS-Final-Assignment";
			productName = "IOS-Final-Assignment";
			productReference = FDC87E3F2608DA4D00BA8201 /* IOS-Final-Assignment.app */;
			productType = "com.apple.product-type.application";
		};
/* End PBXNativeTarget section */

/* Begin PBXProject section */
		FDC87E372608DA4D00BA8201 /* Project object */ = {
			isa = PBXProject;
			attributes = {
				LastSwiftUpdateCheck = 1210;
				LastUpgradeCheck = 1210;
				TargetAttributes = {
					FDC87E3E2608DA4D00BA8201 = {
						CreatedOnToolsVersion = 12.1;
					};
				};
			};
			buildConfigurationList = FDC87E3A2608DA4D00BA8201 /* Build configuration list for PBXProject "IOS-Final-Assignment" */;
			compatibilityVersion = "Xcode 9.3";
			developmentRegion = en;
			hasScannedForEncodings = 0;
			knownRegions = (
				en,
				Base,
			);
			mainGroup = FDC87E362608DA4D00BA8201;
			productRefGroup = FDC87E402608DA4D00BA8201 /* Products */;
			projectDirPath = "";
			projectRoot = "";
			targets = (
				FDC87E3E2608DA4D00BA8201 /* IOS-Final-Assignment */,
			);
		};
/* End PBXProject section */

/* Begin PBXResourcesBuildPhase section */
		FDC87E3D2608DA4D00BA8201 /* Resources */ = {
			isa = PBXResourcesBuildPhase;
			buildActionMask = 2147483647;
			files = (
				FDC87ECD261F659000BA8201 /* song.mp3 in Resources */,
				FDC87EE0262486E100BA8201 /* AboutUs.db in Resources */,
				FDC87E4F2608DA4D00BA8201 /* LaunchScreen.storyboard in Resources */,
				FDC87E4C2608DA4D00BA8201 /* Assets.xcassets in Resources */,
				FDC87E4A2608DA4D00BA8201 /* Main.storyboard in Resources */,
				FDC87EED262A0C2500BA8201 /* Background.jpg in Resources */,
			);
			runOnlyForDeploymentPostprocessing = 0;
		};
/* End PBXResourcesBuildPhase section */

/* Begin PBXSourcesBuildPhase section */
		FDC87E3B2608DA4D00BA8201 /* Sources */ = {
			isa = PBXSourcesBuildPhase;
			buildActionMask = 2147483647;
			files = (
				F58637A5262B3EB000B836C7 /* ArticleCell.swift in Sources */,
				FDC87E702609100800BA8201 /* AboutUsViewController.swift in Sources */,
				FDC87EC42610D83300BA8201 /* SiteCell.swift in Sources */,
				F58637A8262B405800B836C7 /* NewsWebviewViewController.swift in Sources */,
				F5F4D347262C8F8600A73296 /* Tab1ViewController.swift in Sources */,
				FDC87E6426090D5400BA8201 /* CountryListViewController.swift in Sources */,
				FDC87EFA262E21E300BA8201 /* Country.swift in Sources */,
				F5F4D34A262C9FC900A73296 /* Tab2ViewController.swift in Sources */,
				FDC87E472608DA4D00BA8201 /* ViewController.swift in Sources */,
				FDC87E432608DA4D00BA8201 /* AppDelegate.swift in Sources */,
				FDC87EFD262E233200BA8201 /* Users.swift in Sources */,
				FDC87E6126090D4600BA8201 /* VaccineViewController.swift in Sources */,
				FDC87ED62620EBAE00BA8201 /* LinkedInViewController.swift in Sources */,
				F586379F262B3CC700B836C7 /* NewsViewController.swift in Sources */,
				FDC87E452608DA4D00BA8201 /* SceneDelegate.swift in Sources */,
				FDC87E6A26090D8800BA8201 /* WhoInfoViewController.swift in Sources */,
				F58637A2262B3E5400B836C7 /* Article.swift in Sources */,
			);
			runOnlyForDeploymentPostprocessing = 0;
		};
/* End PBXSourcesBuildPhase section */

/* Begin PBXVariantGroup section */
		FDC87E482608DA4D00BA8201 /* Main.storyboard */ = {
			isa = PBXVariantGroup;
			children = (
				FDC87E492608DA4D00BA8201 /* Base */,
			);
			name = Main.storyboard;
			sourceTree = "<group>";
		};
		FDC87E4D2608DA4D00BA8201 /* LaunchScreen.storyboard */ = {
			isa = PBXVariantGroup;
			children = (
				FDC87E4E2608DA4D00BA8201 /* Base */,
			);
			name = LaunchScreen.storyboard;
			sourceTree = "<group>";
		};
/* End PBXVariantGroup section */

/* Begin XCBuildConfiguration section */
		FDC87E512608DA4D00BA8201 /* Debug */ = {
			isa = XCBuildConfiguration;
			buildSettings = {
				ALWAYS_SEARCH_USER_PATHS = NO;
				CLANG_ANALYZER_NONNULL = YES;
				CLANG_ANALYZER_NUMBER_OBJECT_CONVERSION = YES_AGGRESSIVE;
				CLANG_CXX_LANGUAGE_STANDARD = "gnu++14";
				CLANG_CXX_LIBRARY = "libc++";
				CLANG_ENABLE_MODULES = YES;
				CLANG_ENABLE_OBJC_ARC = YES;
				CLANG_ENABLE_OBJC_WEAK = YES;
				CLANG_WARN_BLOCK_CAPTURE_AUTORELEASING = YES;
				CLANG_WARN_BOOL_CONVERSION = YES;
				CLANG_WARN_COMMA = YES;
				CLANG_WARN_CONSTANT_CONVERSION = YES;
				CLANG_WARN_DEPRECATED_OBJC_IMPLEMENTATIONS = YES;
				CLANG_WARN_DIRECT_OBJC_ISA_USAGE = YES_ERROR;
				CLANG_WARN_DOCUMENTATION_COMMENTS = YES;
				CLANG_WARN_EMPTY_BODY = YES;
				CLANG_WARN_ENUM_CONVERSION = YES;
				CLANG_WARN_INFINITE_RECURSION = YES;
				CLANG_WARN_INT_CONVERSION = YES;
				CLANG_WARN_NON_LITERAL_NULL_CONVERSION = YES;
				CLANG_WARN_OBJC_IMPLICIT_RETAIN_SELF = YES;
				CLANG_WARN_OBJC_LITERAL_CONVERSION = YES;
				CLANG_WARN_OBJC_ROOT_CLASS = YES_ERROR;
				CLANG_WARN_QUOTED_INCLUDE_IN_FRAMEWORK_HEADER = YES;
				CLANG_WARN_RANGE_LOOP_ANALYSIS = YES;
				CLANG_WARN_STRICT_PROTOTYPES = YES;
				CLANG_WARN_SUSPICIOUS_MOVE = YES;
				CLANG_WARN_UNGUARDED_AVAILABILITY = YES_AGGRESSIVE;
				CLANG_WARN_UNREACHABLE_CODE = YES;
				CLANG_WARN__DUPLICATE_METHOD_MATCH = YES;
				COPY_PHASE_STRIP = NO;
				DEBUG_INFORMATION_FORMAT = dwarf;
				ENABLE_STRICT_OBJC_MSGSEND = YES;
				ENABLE_TESTABILITY = YES;
				GCC_C_LANGUAGE_STANDARD = gnu11;
				GCC_DYNAMIC_NO_PIC = NO;
				GCC_NO_COMMON_BLOCKS = YES;
				GCC_OPTIMIZATION_LEVEL = 0;
				GCC_PREPROCESSOR_DEFINITIONS = (
					"DEBUG=1",
					"$(inherited)",
				);
				GCC_WARN_64_TO_32_BIT_CONVERSION = YES;
				GCC_WARN_ABOUT_RETURN_TYPE = YES_ERROR;
				GCC_WARN_UNDECLARED_SELECTOR = YES;
				GCC_WARN_UNINITIALIZED_AUTOS = YES_AGGRESSIVE;
				GCC_WARN_UNUSED_FUNCTION = YES;
				GCC_WARN_UNUSED_VARIABLE = YES;
				IPHONEOS_DEPLOYMENT_TARGET = 14.1;
				MTL_ENABLE_DEBUG_INFO = INCLUDE_SOURCE;
				MTL_FAST_MATH = YES;
				ONLY_ACTIVE_ARCH = YES;
				SDKROOT = iphoneos;
				SWIFT_ACTIVE_COMPILATION_CONDITIONS = DEBUG;
				SWIFT_OPTIMIZATION_LEVEL = "-Onone";
			};
			name = Debug;
		};
		FDC87E522608DA4D00BA8201 /* Release */ = {
			isa = XCBuildConfiguration;
			buildSettings = {
				ALWAYS_SEARCH_USER_PATHS = NO;
				CLANG_ANALYZER_NONNULL = YES;
				CLANG_ANALYZER_NUMBER_OBJECT_CONVERSION = YES_AGGRESSIVE;
				CLANG_CXX_LANGUAGE_STANDARD = "gnu++14";
				CLANG_CXX_LIBRARY = "libc++";
				CLANG_ENABLE_MODULES = YES;
				CLANG_ENABLE_OBJC_ARC = YES;
				CLANG_ENABLE_OBJC_WEAK = YES;
				CLANG_WARN_BLOCK_CAPTURE_AUTORELEASING = YES;
				CLANG_WARN_BOOL_CONVERSION = YES;
				CLANG_WARN_COMMA = YES;
				CLANG_WARN_CONSTANT_CONVERSION = YES;
				CLANG_WARN_DEPRECATED_OBJC_IMPLEMENTATIONS = YES;
				CLANG_WARN_DIRECT_OBJC_ISA_USAGE = YES_ERROR;
				CLANG_WARN_DOCUMENTATION_COMMENTS = YES;
				CLANG_WARN_EMPTY_BODY = YES;
				CLANG_WARN_ENUM_CONVERSION = YES;
				CLANG_WARN_INFINITE_RECURSION = YES;
				CLANG_WARN_INT_CONVERSION = YES;
				CLANG_WARN_NON_LITERAL_NULL_CONVERSION = YES;
				CLANG_WARN_OBJC_IMPLICIT_RETAIN_SELF = YES;
				CLANG_WARN_OBJC_LITERAL_CONVERSION = YES;
				CLANG_WARN_OBJC_ROOT_CLASS = YES_ERROR;
				CLANG_WARN_QUOTED_INCLUDE_IN_FRAMEWORK_HEADER = YES;
				CLANG_WARN_RANGE_LOOP_ANALYSIS = YES;
				CLANG_WARN_STRICT_PROTOTYPES = YES;
				CLANG_WARN_SUSPICIOUS_MOVE = YES;
				CLANG_WARN_UNGUARDED_AVAILABILITY = YES_AGGRESSIVE;
				CLANG_WARN_UNREACHABLE_CODE = YES;
				CLANG_WARN__DUPLICATE_METHOD_MATCH = YES;
				COPY_PHASE_STRIP = NO;
				DEBUG_INFORMATION_FORMAT = "dwarf-with-dsym";
				ENABLE_NS_ASSERTIONS = NO;
				ENABLE_STRICT_OBJC_MSGSEND = YES;
				GCC_C_LANGUAGE_STANDARD = gnu11;
				GCC_NO_COMMON_BLOCKS = YES;
				GCC_WARN_64_TO_32_BIT_CONVERSION = YES;
				GCC_WARN_ABOUT_RETURN_TYPE = YES_ERROR;
				GCC_WARN_UNDECLARED_SELECTOR = YES;
				GCC_WARN_UNINITIALIZED_AUTOS = YES_AGGRESSIVE;
				GCC_WARN_UNUSED_FUNCTION = YES;
				GCC_WARN_UNUSED_VARIABLE = YES;
				IPHONEOS_DEPLOYMENT_TARGET = 14.1;
				MTL_ENABLE_DEBUG_INFO = NO;
				MTL_FAST_MATH = YES;
				SDKROOT = iphoneos;
				SWIFT_COMPILATION_MODE = wholemodule;
				SWIFT_OPTIMIZATION_LEVEL = "-O";
				VALIDATE_PRODUCT = YES;
			};
			name = Release;
		};
		FDC87E542608DA4D00BA8201 /* Debug */ = {
			isa = XCBuildConfiguration;
			buildSettings = {
				ASSETCATALOG_COMPILER_APPICON_NAME = AppIcon;
				ASSETCATALOG_COMPILER_GLOBAL_ACCENT_COLOR_NAME = AccentColor;
				CODE_SIGN_STYLE = Automatic;
				INFOPLIST_FILE = "IOS-Final-Assignment/Info.plist";
				LD_RUNPATH_SEARCH_PATHS = (
					"$(inherited)",
					"@executable_path/Frameworks",
				);
				PRODUCT_BUNDLE_IDENTIFIER = "Sam.IOS-Final-Assignment";
				PRODUCT_NAME = "$(TARGET_NAME)";
				SWIFT_VERSION = 5.0;
				SYSTEM_FRAMEWORK_SEARCH_PATHS = (
					"$(inherited)",
					"$(SDKROOT)$(SYSTEM_LIBRARY_DIR)/PrivateFrameworks",
				);
				TARGETED_DEVICE_FAMILY = "1,2";
			};
			name = Debug;
		};
		FDC87E552608DA4D00BA8201 /* Release */ = {
			isa = XCBuildConfiguration;
			buildSettings = {
				ASSETCATALOG_COMPILER_APPICON_NAME = AppIcon;
				ASSETCATALOG_COMPILER_GLOBAL_ACCENT_COLOR_NAME = AccentColor;
				CODE_SIGN_STYLE = Automatic;
				INFOPLIST_FILE = "IOS-Final-Assignment/Info.plist";
				LD_RUNPATH_SEARCH_PATHS = (
					"$(inherited)",
					"@executable_path/Frameworks",
				);
				PRODUCT_BUNDLE_IDENTIFIER = "Sam.IOS-Final-Assignment";
				PRODUCT_NAME = "$(TARGET_NAME)";
				SWIFT_VERSION = 5.0;
				SYSTEM_FRAMEWORK_SEARCH_PATHS = (
					"$(inherited)",
					"$(SDKROOT)$(SYSTEM_LIBRARY_DIR)/PrivateFrameworks",
				);
				TARGETED_DEVICE_FAMILY = "1,2";
			};
			name = Release;
		};
/* End XCBuildConfiguration section */

/* Begin XCConfigurationList section */
		FDC87E3A2608DA4D00BA8201 /* Build configuration list for PBXProject "IOS-Final-Assignment" */ = {
			isa = XCConfigurationList;
			buildConfigurations = (
				FDC87E512608DA4D00BA8201 /* Debug */,
				FDC87E522608DA4D00BA8201 /* Release */,
			);
			defaultConfigurationIsVisible = 0;
			defaultConfigurationName = Release;
		};
		FDC87E532608DA4D00BA8201 /* Build configuration list for PBXNativeTarget "IOS-Final-Assignment" */ = {
			isa = XCConfigurationList;
			buildConfigurations = (
				FDC87E542608DA4D00BA8201 /* Debug */,
				FDC87E552608DA4D00BA8201 /* Release */,
			);
			defaultConfigurationIsVisible = 0;
			defaultConfigurationName = Release;
		};
/* End XCConfigurationList section */
	};
	rootObject = FDC87E372608DA4D00BA8201 /* Project object */;
}
